
Microsoft Visual Studio Solution File, Format Version 12.00
# Visual Studio 15
VisualStudioVersion = 15.0.27703.2047
MinimumVisualStudioVersion = 10.0.40219.1
Project("{9A19103F-16F7-4668-BE54-9A1E7A4F7556}") = "BankAccount", "BankAccount.csproj", "{DEF577A2-7326-426F-9879-A471DA3211D8}"
EndProject
Global
	GlobalSection(SolutionConfigurationPlatforms) = preSolution
		Debug|Any CPU = Debug|Any CPU
		Release|Any CPU = Release|Any CPU
	EndGlobalSection
	GlobalSection(ProjectConfigurationPlatforms) = postSolution
		{DEF577A2-7326-426F-9879-A471DA3211D8}.Debug|Any CPU.ActiveCfg = Debug|Any CPU
		{DEF577A2-7326-426F-9879-A471DA3211D8}.Debug|Any CPU.Build.0 = Debug|Any CPU
		{DEF577A2-7326-426F-9879-A471DA3211D8}.Release|Any CPU.ActiveCfg = Release|Any CPU
		{DEF577A2-7326-426F-9879-A471DA3211D8}.Release|Any CPU.Build.0 = Release|Any CPU
	EndGlobalSection
	GlobalSection(SolutionProperties) = preSolution
		HideSolutionNode = FALSE
	EndGlobalSection
	GlobalSection(ExtensibilityGlobals) = postSolution
		SolutionGuid = {B56086B1-F515-4821-B2B2-1D0D8E7D0873}
	EndGlobalSection
EndGlobal
